
Microsoft Visual Studio Solution File, Format Version 12.00
# Visual Studio Version 17
VisualStudioVersion = 17.3.32901.215
MinimumVisualStudioVersion = 10.0.40219.1
Project("{FAE04EC0-301F-11D3-BF4B-00C04F79EFBC}") = "OrderRestApi", "OrderRestApi\OrderRestApi.csproj", "{C2BA7B98-DD56-4BF9-8E76-473A55A99320}"
EndProject
Global
	GlobalSection(SolutionConfigurationPlatforms) = preSolution
		Debug|Any CPU = Debug|Any CPU
		Release|Any CPU = Release|Any CPU
	EndGlobalSection
	GlobalSection(ProjectConfigurationPlatforms) = postSolution
		{C2BA7B98-DD56-4BF9-8E76-473A55A99320}.Debug|Any CPU.ActiveCfg = Debug|Any CPU
		{C2BA7B98-DD56-4BF9-8E76-473A55A99320}.Debug|Any CPU.Build.0 = Debug|Any CPU
		{C2BA7B98-DD56-4BF9-8E76-473A55A99320}.Release|Any CPU.ActiveCfg = Release|Any CPU
		{C2BA7B98-DD56-4BF9-8E76-473A55A99320}.Release|Any CPU.Build.0 = Release|Any CPU
	EndGlobalSection
	GlobalSection(SolutionProperties) = preSolution
		HideSolutionNode = FALSE
	EndGlobalSection
	GlobalSection(ExtensibilityGlobals) = postSolution
		SolutionGuid = {04FF05A6-B44F-4D90-9036-01BDC1170A94}
	EndGlobalSection
EndGlobal
